
Microsoft Visual Studio Solution File, Format Version 12.00
# Visual Studio Version 16
VisualStudioVersion = 16.0.30011.22
MinimumVisualStudioVersion = 10.0.40219.1
Project("{FAE04EC0-301F-11D3-BF4B-00C04F79EFBC}") = "ExpensesAPI", "ExpensesAPI\ExpensesAPI.csproj", "{9AEE0EFB-4DA9-4C94-A0AA-8C294B0D8AB4}"
EndProject
Global
	GlobalSection(SolutionConfigurationPlatforms) = preSolution
		Debug|Any CPU = Debug|Any CPU
		Release|Any CPU = Release|Any CPU
	EndGlobalSection
	GlobalSection(ProjectConfigurationPlatforms) = postSolution
		{9AEE0EFB-4DA9-4C94-A0AA-8C294B0D8AB4}.Debug|Any CPU.ActiveCfg = Debug|Any CPU
		{9AEE0EFB-4DA9-4C94-A0AA-8C294B0D8AB4}.Debug|Any CPU.Build.0 = Debug|Any CPU
		{9AEE0EFB-4DA9-4C94-A0AA-8C294B0D8AB4}.Release|Any CPU.ActiveCfg = Release|Any CPU
		{9AEE0EFB-4DA9-4C94-A0AA-8C294B0D8AB4}.Release|Any CPU.Build.0 = Release|Any CPU
	EndGlobalSection
	GlobalSection(SolutionProperties) = preSolution
		HideSolutionNode = FALSE
	EndGlobalSection
	GlobalSection(ExtensibilityGlobals) = postSolution
		SolutionGuid = {68878E1D-57A3-4636-BA08-CE96616F4FD9}
	EndGlobalSection
EndGlobal
